
Microsoft Visual Studio Solution File, Format Version 12.00
# Visual Studio Version 17
VisualStudioVersion = 17.4.33213.308
MinimumVisualStudioVersion = 10.0.40219.1
Project("{FAE04EC0-301F-11D3-BF4B-00C04F79EFBC}") = "FormsPractica7", "FormsPractica7\FormsPractica7.csproj", "{CDB31656-B18F-45F8-8689-AEEA371273B7}"
EndProject
Project("{FAE04EC0-301F-11D3-BF4B-00C04F79EFBC}") = "DataLayer", "DataLayer\DataLayer.csproj", "{FBEF92D2-C1DC-4B47-821E-C15A6637ACA6}"
EndProject
Project("{FAE04EC0-301F-11D3-BF4B-00C04F79EFBC}") = "BussinesLayer", "BussinesLayer\BussinesLayer.csproj", "{DEC52353-B7B2-4E01-BAAA-769DB8F27565}"
EndProject
Global
	GlobalSection(SolutionConfigurationPlatforms) = preSolution
		Debug|Any CPU = Debug|Any CPU
		Release|Any CPU = Release|Any CPU
	EndGlobalSection
	GlobalSection(ProjectConfigurationPlatforms) = postSolution
		{CDB31656-B18F-45F8-8689-AEEA371273B7}.Debug|Any CPU.ActiveCfg = Debug|Any CPU
		{CDB31656-B18F-45F8-8689-AEEA371273B7}.Debug|Any CPU.Build.0 = Debug|Any CPU
		{CDB31656-B18F-45F8-8689-AEEA371273B7}.Release|Any CPU.ActiveCfg = Release|Any CPU
		{CDB31656-B18F-45F8-8689-AEEA371273B7}.Release|Any CPU.Build.0 = Release|Any CPU
		{FBEF92D2-C1DC-4B47-821E-C15A6637ACA6}.Debug|Any CPU.ActiveCfg = Debug|Any CPU
		{FBEF92D2-C1DC-4B47-821E-C15A6637ACA6}.Debug|Any CPU.Build.0 = Debug|Any CPU
		{FBEF92D2-C1DC-4B47-821E-C15A6637ACA6}.Release|Any CPU.ActiveCfg = Release|Any CPU
		{FBEF92D2-C1DC-4B47-821E-C15A6637ACA6}.Release|Any CPU.Build.0 = Release|Any CPU
		{DEC52353-B7B2-4E01-BAAA-769DB8F27565}.Debug|Any CPU.ActiveCfg = Debug|Any CPU
		{DEC52353-B7B2-4E01-BAAA-769DB8F27565}.Debug|Any CPU.Build.0 = Debug|Any CPU
		{DEC52353-B7B2-4E01-BAAA-769DB8F27565}.Release|Any CPU.ActiveCfg = Release|Any CPU
		{DEC52353-B7B2-4E01-BAAA-769DB8F27565}.Release|Any CPU.Build.0 = Release|Any CPU
	EndGlobalSection
	GlobalSection(SolutionProperties) = preSolution
		HideSolutionNode = FALSE
	EndGlobalSection
	GlobalSection(ExtensibilityGlobals) = postSolution
		SolutionGuid = {9F5C0E6D-89AC-47F3-B618-0762DD17CEB5}
	EndGlobalSection
EndGlobal
